
Microsoft Visual Studio Solution File, Format Version 12.00
# Visual Studio 15
Project("{FAE04EC0-301F-11D3-BF4B-00C04F79EFBC}") = "Assembly-CSharp", "Assembly-CSharp.csproj", "{0D1C00D0-1ADE-4606-B7D7-50593A6558B3}"
EndProject
Project("{FAE04EC0-301F-11D3-BF4B-00C04F79EFBC}") = "Assembly-CSharp-Editor", "Assembly-CSharp-Editor.csproj", "{38B021DF-29A7-E635-B0AD-0B2D21781FD4}"
EndProject
Global
	GlobalSection(SolutionConfigurationPlatforms) = preSolution
		Debug|Any CPU = Debug|Any CPU
		Release|Any CPU = Release|Any CPU
	EndGlobalSection
	GlobalSection(ProjectConfigurationPlatforms) = postSolution
		{0D1C00D0-1ADE-4606-B7D7-50593A6558B3}.Debug|Any CPU.ActiveCfg = Debug|Any CPU
		{0D1C00D0-1ADE-4606-B7D7-50593A6558B3}.Debug|Any CPU.Build.0 = Debug|Any CPU
		{0D1C00D0-1ADE-4606-B7D7-50593A6558B3}.Release|Any CPU.ActiveCfg = Release|Any CPU
		{0D1C00D0-1ADE-4606-B7D7-50593A6558B3}.Release|Any CPU.Build.0 = Release|Any CPU
		{38B021DF-29A7-E635-B0AD-0B2D21781FD4}.Debug|Any CPU.ActiveCfg = Debug|Any CPU
		{38B021DF-29A7-E635-B0AD-0B2D21781FD4}.Debug|Any CPU.Build.0 = Debug|Any CPU
		{38B021DF-29A7-E635-B0AD-0B2D21781FD4}.Release|Any CPU.ActiveCfg = Release|Any CPU
		{38B021DF-29A7-E635-B0AD-0B2D21781FD4}.Release|Any CPU.Build.0 = Release|Any CPU
	EndGlobalSection
	GlobalSection(SolutionProperties) = preSolution
		HideSolutionNode = FALSE
	EndGlobalSection
EndGlobal
